
Microsoft Visual Studio Solution File, Format Version 12.00
# Visual Studio 15
VisualStudioVersion = 15.0.27703.2026
MinimumVisualStudioVersion = 10.0.40219.1
Project("{FAE04EC0-301F-11D3-BF4B-00C04F79EFBC}") = "Chapter3", "Chapter3\Chapter3.csproj", "{BF8C9CD1-45A1-4CB1-98E6-1EE6F87EEF0D}"
EndProject
Global
	GlobalSection(SolutionConfigurationPlatforms) = preSolution
		Debug|Any CPU = Debug|Any CPU
		Release|Any CPU = Release|Any CPU
	EndGlobalSection
	GlobalSection(ProjectConfigurationPlatforms) = postSolution
		{BF8C9CD1-45A1-4CB1-98E6-1EE6F87EEF0D}.Debug|Any CPU.ActiveCfg = Debug|Any CPU
		{BF8C9CD1-45A1-4CB1-98E6-1EE6F87EEF0D}.Debug|Any CPU.Build.0 = Debug|Any CPU
		{BF8C9CD1-45A1-4CB1-98E6-1EE6F87EEF0D}.Release|Any CPU.ActiveCfg = Release|Any CPU
		{BF8C9CD1-45A1-4CB1-98E6-1EE6F87EEF0D}.Release|Any CPU.Build.0 = Release|Any CPU
	EndGlobalSection
	GlobalSection(SolutionProperties) = preSolution
		HideSolutionNode = FALSE
	EndGlobalSection
	GlobalSection(ExtensibilityGlobals) = postSolution
		SolutionGuid = {312CF0DD-FFEB-4949-B7AE-DE474CA548E6}
	EndGlobalSection
EndGlobal
